
Microsoft Visual Studio Solution File, Format Version 12.00
# Visual Studio Version 17
VisualStudioVersion = 17.7.34018.315
MinimumVisualStudioVersion = 10.0.40219.1
Project("{8BC9CEB8-8B4A-11D0-8D11-00A0C91BC942}") = "clsUtily", "clsUtily\clsUtily.vcxproj", "{A8B68A1B-538D-4239-9F3C-1697CC29B31B}"
EndProject
Global
	GlobalSection(SolutionConfigurationPlatforms) = preSolution
		Debug|x64 = Debug|x64
		Debug|x86 = Debug|x86
		Release|x64 = Release|x64
		Release|x86 = Release|x86
	EndGlobalSection
	GlobalSection(ProjectConfigurationPlatforms) = postSolution
		{A8B68A1B-538D-4239-9F3C-1697CC29B31B}.Debug|x64.ActiveCfg = Debug|x64
		{A8B68A1B-538D-4239-9F3C-1697CC29B31B}.Debug|x64.Build.0 = Debug|x64
		{A8B68A1B-538D-4239-9F3C-1697CC29B31B}.Debug|x86.ActiveCfg = Debug|Win32
		{A8B68A1B-538D-4239-9F3C-1697CC29B31B}.Debug|x86.Build.0 = Debug|Win32
		{A8B68A1B-538D-4239-9F3C-1697CC29B31B}.Release|x64.ActiveCfg = Release|x64
		{A8B68A1B-538D-4239-9F3C-1697CC29B31B}.Release|x64.Build.0 = Release|x64
		{A8B68A1B-538D-4239-9F3C-1697CC29B31B}.Release|x86.ActiveCfg = Release|Win32
		{A8B68A1B-538D-4239-9F3C-1697CC29B31B}.Release|x86.Build.0 = Release|Win32
	EndGlobalSection
	GlobalSection(SolutionProperties) = preSolution
		HideSolutionNode = FALSE
	EndGlobalSection
	GlobalSection(ExtensibilityGlobals) = postSolution
		SolutionGuid = {DD3E8603-D8B0-487F-87F1-62E67D2C0D25}
	EndGlobalSection
EndGlobal
